
Microsoft Visual Studio Solution File, Format Version 12.00
# Visual Studio 15
VisualStudioVersion = 15.0.28307.1062
MinimumVisualStudioVersion = 10.0.40219.1
Project("{FAE04EC0-301F-11D3-BF4B-00C04F79EFBC}") = "BinaryTree", "BinaryTree\BinaryTree.csproj", "{19A4CF9A-D8D0-4076-8FF5-8585D506CFA7}"
EndProject
Global
	GlobalSection(SolutionConfigurationPlatforms) = preSolution
		Debug|Any CPU = Debug|Any CPU
		Release|Any CPU = Release|Any CPU
	EndGlobalSection
	GlobalSection(ProjectConfigurationPlatforms) = postSolution
		{19A4CF9A-D8D0-4076-8FF5-8585D506CFA7}.Debug|Any CPU.ActiveCfg = Debug|Any CPU
		{19A4CF9A-D8D0-4076-8FF5-8585D506CFA7}.Debug|Any CPU.Build.0 = Debug|Any CPU
		{19A4CF9A-D8D0-4076-8FF5-8585D506CFA7}.Release|Any CPU.ActiveCfg = Release|Any CPU
		{19A4CF9A-D8D0-4076-8FF5-8585D506CFA7}.Release|Any CPU.Build.0 = Release|Any CPU
	EndGlobalSection
	GlobalSection(SolutionProperties) = preSolution
		HideSolutionNode = FALSE
	EndGlobalSection
	GlobalSection(ExtensibilityGlobals) = postSolution
		SolutionGuid = {4223233F-449E-493A-AD0C-C9C7B5E25DE1}
	EndGlobalSection
EndGlobal
